<Solution>
  <Folder Name="/src/">
    <Project Path="src/MattGPT.ApiClient/MattGPT.ApiClient.csproj" />
    <Project Path="src/MattGPT.ApiService.Tests/MattGPT.ApiService.Tests.csproj" />
    <Project Path="src/MattGPT.ApiService/MattGPT.ApiService.csproj" />
    <Project Path="src/MattGPT.AppHost/MattGPT.AppHost.csproj" />
    <Project Path="src/MattGPT.ServiceDefaults/MattGPT.ServiceDefaults.csproj" />
    <Project Path="src/MattGPT.UI/MattGPT.UI.csproj" />
    <Project Path="src/MattGPT.Web/MattGPT.Web.csproj" />
  </Folder>
</Solution>
